# THIS IS AN AUTOGENERATED FILE. DO NOT EDIT THIS FILE DIRECTLY.
# yarn lockfile v1


"@babel/runtime@^7.0.0-beta.40":
  version "7.0.0-beta.51"
  resolved "https://registry.yarnpkg.com/@babel/runtime/-/runtime-7.0.0-beta.51.tgz#48b8ed18307034c6620f643514650ca2ccc0165a"
  dependencies:
    core-js "^2.5.7"
    regenerator-runtime "^0.11.1"

"@protobufjs/aspromise@^1.1.1", "@protobufjs/aspromise@^1.1.2":
  version "1.1.2"
  resolved "https://registry.yarnpkg.com/@protobufjs/aspromise/-/aspromise-1.1.2.tgz#9b8b0cc663d669a7d8f6f5d0893a14d348f30fbf"

"@protobufjs/base64@^1.1.2":
  version "1.1.2"
  resolved "https://registry.yarnpkg.com/@protobufjs/base64/-/base64-1.1.2.tgz#4c85730e59b9a1f1f349047dbf24296034bb2735"

"@protobufjs/codegen@^2.0.4":
  version "2.0.4"
  resolved "https://registry.yarnpkg.com/@protobufjs/codegen/-/codegen-2.0.4.tgz#7ef37f0d010fb028ad1ad59722e506d9262815cb"

"@protobufjs/eventemitter@^1.1.0":
  version "1.1.0"
  resolved "https://registry.yarnpkg.com/@protobufjs/eventemitter/-/eventemitter-1.1.0.tgz#355cbc98bafad5978f9ed095f397621f1d066b70"

"@protobufjs/fetch@^1.1.0":
  version "1.1.0"
  resolved "https://registry.yarnpkg.com/@protobufjs/fetch/-/fetch-1.1.0.tgz#ba99fb598614af65700c1619ff06d454b0d84c45"
  dependencies:
    "@protobufjs/aspromise" "^1.1.1"
    "@protobufjs/inquire" "^1.1.0"

"@protobufjs/float@^1.0.2":
  version "1.0.2"
  resolved "https://registry.yarnpkg.com/@protobufjs/float/-/float-1.0.2.tgz#5e9e1abdcb73fc0a7cb8b291df78c8cbd97b87d1"

"@protobufjs/inquire@^1.1.0":
  version "1.1.0"
  resolved "https://registry.yarnpkg.com/@protobufjs/inquire/-/inquire-1.1.0.tgz#ff200e3e7cf2429e2dcafc1140828e8cc638f089"

"@protobufjs/path@^1.1.2":
  version "1.1.2"
  resolved "https://registry.yarnpkg.com/@protobufjs/path/-/path-1.1.2.tgz#6cc2b20c5c9ad6ad0dccfd21ca7673d8d7fbf68d"

"@protobufjs/pool@^1.1.0":
  version "1.1.0"
  resolved "https://registry.yarnpkg.com/@protobufjs/pool/-/pool-1.1.0.tgz#09fd15f2d6d3abfa9b65bc366506d6ad7846ff54"

"@protobufjs/utf8@^1.1.0":
  version "1.1.0"
  resolved "https://registry.yarnpkg.com/@protobufjs/utf8/-/utf8-1.1.0.tgz#a777360b5b39a1a2e5106f8e858f2fd2d060c570"

"@types/events@*":
  version "1.2.0"
  resolved "https://registry.yarnpkg.com/@types/events/-/events-1.2.0.tgz#81a6731ce4df43619e5c8c945383b3e62a89ea86"

"@types/long@^3.0.32":
  version "3.0.32"
  resolved "https://registry.yarnpkg.com/@types/long/-/long-3.0.32.tgz#f4e5af31e9e9b196d8e5fca8a5e2e20aa3d60b69"

"@types/node@*", "@types/node@^10.3.2":
  version "10.5.1"
  resolved "https://registry.yarnpkg.com/@types/node/-/node-10.5.1.tgz#d578446f4abff5c0b49ade9b4e5274f6badaadfc"

"@types/node@^8.9.4":
  version "8.10.20"
  resolved "https://registry.yarnpkg.com/@types/node/-/node-8.10.20.tgz#fe674ea52e13950ab10954433a7824438aabbcac"

"@types/node@^9.4.6":
  version "9.6.22"
  resolved "https://registry.yarnpkg.com/@types/node/-/node-9.6.22.tgz#05b55093faaadedea7a4b3f76e9a61346a6dd209"

"@types/ws@^5.1.2":
  version "5.1.2"
  resolved "https://registry.yarnpkg.com/@types/ws/-/ws-5.1.2.tgz#f02d3b1cd46db7686734f3ce83bdf46c49decd64"
  dependencies:
    "@types/events" "*"
    "@types/node" "*"

apollo-cache-control@^0.1.1:
  version "0.1.1"
  resolved "https://registry.yarnpkg.com/apollo-cache-control/-/apollo-cache-control-0.1.1.tgz#173d14ceb3eb9e7cb53de7eb8b61bee6159d4171"
  dependencies:
    graphql-extensions "^0.0.x"

apollo-datasource-rest@^2.0.0-rc.6:
  version "2.0.0-rc.6"
  resolved "https://registry.yarnpkg.com/apollo-datasource-rest/-/apollo-datasource-rest-2.0.0-rc.6.tgz#b87007917a98a5ade4ec82f7187d81de62b8f5cb"
  dependencies:
    apollo-server-caching "^2.0.0-rc.6"
    apollo-server-env "^2.0.0-rc.6"
    apollo-server-errors "^2.0.0-rc.6"
    http-cache-semantics "^4.0.0"
    lru-cache "^4.1.3"

apollo-engine-reporting-protobuf@0.0.0-beta.7:
  version "0.0.0-beta.7"
  resolved "https://registry.yarnpkg.com/apollo-engine-reporting-protobuf/-/apollo-engine-reporting-protobuf-0.0.0-beta.7.tgz#aa8595633015e479211c8bc638c209a716a06e32"
  dependencies:
    protobufjs "^6.8.6"

apollo-engine-reporting@^0.0.0-rc.0:
  version "0.0.0-rc.0"
  resolved "https://registry.yarnpkg.com/apollo-engine-reporting/-/apollo-engine-reporting-0.0.0-rc.0.tgz#862942b7d0b669769421e49ad8f6ad70667cb226"
  dependencies:
    apollo-engine-reporting-protobuf "0.0.0-beta.7"
    apollo-server-env "^2.0.0-rc.6"
    async-retry "^1.2.1"
    graphql-extensions "^0.1.0-rc.0"
    lodash "^4.17.10"

apollo-link@1.2.1:
  version "1.2.1"
  resolved "https://registry.yarnpkg.com/apollo-link/-/apollo-link-1.2.1.tgz#c120b16059f9bd93401b9f72b94d2f80f3f305d2"
  dependencies:
    "@types/node" "^9.4.6"
    apollo-utilities "^1.0.0"
    zen-observable-ts "^0.8.6"

apollo-server-caching@^2.0.0-rc.6:
  version "2.0.0-rc.6"
  resolved "https://registry.yarnpkg.com/apollo-server-caching/-/apollo-server-caching-2.0.0-rc.6.tgz#31a672f52254ea399a84053e40c2b5c54e12296a"

apollo-server-core@^2.0.0-rc.6:
  version "2.0.0-rc.6"
  resolved "https://registry.yarnpkg.com/apollo-server-core/-/apollo-server-core-2.0.0-rc.6.tgz#fee27a6c733f1d1d36cc5913cff9d869470933f3"
  dependencies:
    "@types/ws" "^5.1.2"
    apollo-cache-control "^0.1.1"
    apollo-datasource-rest "^2.0.0-rc.6"
    apollo-engine-reporting "^0.0.0-rc.0"
    apollo-server-env "^2.0.0-rc.6"
    apollo-server-errors "^2.0.0-rc.6"
    apollo-tracing "^0.2.0-beta.1"
    apollo-upload-server "^5.0.0"
    graphql-extensions "^0.1.0-rc.0"
    graphql-subscriptions "^0.5.8"
    graphql-tag "^2.9.2"
    graphql-tools "^3.0.4"
    hash.js "^1.1.3"
    keyv "^3.0.0"
    lodash "^4.17.10"
    quick-lru "^1.1.0"
    subscriptions-transport-ws "^0.9.11"
    ws "^5.2.0"

apollo-server-env@^2.0.0-rc.6:
  version "2.0.0-rc.6"
  resolved "https://registry.yarnpkg.com/apollo-server-env/-/apollo-server-env-2.0.0-rc.6.tgz#0c0da59a1bc99973d3c85d39f6ef8eea2fa242cb"
  dependencies:
    node-fetch "^2.1.2"
    util.promisify "^1.0.0"

apollo-server-errors@^2.0.0-rc.6:
  version "2.0.0-rc.6"
  resolved "https://registry.yarnpkg.com/apollo-server-errors/-/apollo-server-errors-2.0.0-rc.6.tgz#28bc420ddda040073b49c68c8604ae7bb9180ed6"

apollo-tracing@^0.2.0-beta.1:
  version "0.2.0-beta.1"
  resolved "https://registry.yarnpkg.com/apollo-tracing/-/apollo-tracing-0.2.0-beta.1.tgz#a24bf3ab54af0ae44ae72dad3226d27cd6b06f62"
  dependencies:
    graphql-extensions "0.1.0-beta.0"

apollo-upload-server@^5.0.0:
  version "5.0.0"
  resolved "https://registry.yarnpkg.com/apollo-upload-server/-/apollo-upload-server-5.0.0.tgz#c953b523608313966e0c8444637f4ae8ef77d5bc"
  dependencies:
    "@babel/runtime" "^7.0.0-beta.40"
    busboy "^0.2.14"
    object-path "^0.11.4"

apollo-utilities@^1.0.0, apollo-utilities@^1.0.1:
  version "1.0.16"
  resolved "https://registry.yarnpkg.com/apollo-utilities/-/apollo-utilities-1.0.16.tgz#787310df4c3900a68c0beb3d351c59725a588cdb"
  dependencies:
    fast-json-stable-stringify "^2.0.0"

argparse@^1.0.7:
  version "1.0.10"
  resolved "https://registry.yarnpkg.com/argparse/-/argparse-1.0.10.tgz#bcd6791ea5ae09725e17e5ad988134cd40b3d911"
  dependencies:
    sprintf-js "~1.0.2"

async-limiter@~1.0.0:
  version "1.0.0"
  resolved "https://registry.yarnpkg.com/async-limiter/-/async-limiter-1.0.0.tgz#78faed8c3d074ab81f22b4e985d79e8738f720f8"

async-retry@^1.2.1:
  version "1.2.1"
  resolved "https://registry.yarnpkg.com/async-retry/-/async-retry-1.2.1.tgz#308c6c4e1d91e63397a4676290334ae9bda7bcb1"
  dependencies:
    retry "0.10.1"

backo2@^1.0.2:
  version "1.0.2"
  resolved "https://registry.yarnpkg.com/backo2/-/backo2-1.0.2.tgz#31ab1ac8b129363463e35b3ebb69f4dfcfba7947"

balanced-match@^1.0.0:
  version "1.0.0"
  resolved "https://registry.yarnpkg.com/balanced-match/-/balanced-match-1.0.0.tgz#89b4d199ab2bee49de164ea02b89ce462d71b767"

brace-expansion@^1.1.7:
  version "1.1.11"
  resolved "https://registry.yarnpkg.com/brace-expansion/-/brace-expansion-1.1.11.tgz#3c7fcbf529d87226f3d2f52b966ff5271eb441dd"
  dependencies:
    balanced-match "^1.0.0"
    concat-map "0.0.1"

buffer-from@^1.0.0:
  version "1.1.0"
  resolved "https://registry.yarnpkg.com/buffer-from/-/buffer-from-1.1.0.tgz#87fcaa3a298358e0ade6e442cfce840740d1ad04"

busboy@^0.2.14:
  version "0.2.14"
  resolved "https://registry.yarnpkg.com/busboy/-/busboy-0.2.14.tgz#6c2a622efcf47c57bbbe1e2a9c37ad36c7925453"
  dependencies:
    dicer "0.2.5"
    readable-stream "1.1.x"

concat-map@0.0.1:
  version "0.0.1"
  resolved "https://registry.yarnpkg.com/concat-map/-/concat-map-0.0.1.tgz#d8a96bd77fd68df7793a73036a3ba0d5405d477b"

core-js@^2.5.3, core-js@^2.5.7:
  version "2.5.7"
  resolved "https://registry.yarnpkg.com/core-js/-/core-js-2.5.7.tgz#f972608ff0cead68b841a16a932d0b183791814e"

core-util-is@~1.0.0:
  version "1.0.2"
  resolved "https://registry.yarnpkg.com/core-util-is/-/core-util-is-1.0.2.tgz#b5fd54220aa2bc5ab57aab7140c940754503c1a7"

cross-fetch@2.0.0:
  version "2.0.0"
  resolved "https://registry.yarnpkg.com/cross-fetch/-/cross-fetch-2.0.0.tgz#a17475449561e0f325146cea636a8619efb9b382"
  dependencies:
    node-fetch "2.0.0"
    whatwg-fetch "2.0.3"

define-properties@^1.1.2:
  version "1.1.2"
  resolved "https://registry.yarnpkg.com/define-properties/-/define-properties-1.1.2.tgz#83a73f2fea569898fb737193c8f873caf6d45c94"
  dependencies:
    foreach "^2.0.5"
    object-keys "^1.0.8"

deprecated-decorator@^0.1.6:
  version "0.1.6"
  resolved "https://registry.yarnpkg.com/deprecated-decorator/-/deprecated-decorator-0.1.6.tgz#00966317b7a12fe92f3cc831f7583af329b86c37"

dicer@0.2.5:
  version "0.2.5"
  resolved "https://registry.yarnpkg.com/dicer/-/dicer-0.2.5.tgz#5996c086bb33218c812c090bddc09cd12facb70f"
  dependencies:
    readable-stream "1.1.x"
    streamsearch "0.1.2"

es-abstract@^1.5.1:
  version "1.12.0"
  resolved "https://registry.yarnpkg.com/es-abstract/-/es-abstract-1.12.0.tgz#9dbbdd27c6856f0001421ca18782d786bf8a6165"
  dependencies:
    es-to-primitive "^1.1.1"
    function-bind "^1.1.1"
    has "^1.0.1"
    is-callable "^1.1.3"
    is-regex "^1.0.4"

es-to-primitive@^1.1.1:
  version "1.1.1"
  resolved "https://registry.yarnpkg.com/es-to-primitive/-/es-to-primitive-1.1.1.tgz#45355248a88979034b6792e19bb81f2b7975dd0d"
  dependencies:
    is-callable "^1.1.1"
    is-date-object "^1.0.1"
    is-symbol "^1.0.1"

esprima@^4.0.0:
  version "4.0.0"
  resolved "https://registry.yarnpkg.com/esprima/-/esprima-4.0.0.tgz#4499eddcd1110e0b218bacf2fa7f7f59f55ca804"

eventemitter3@^3.1.0:
  version "3.1.0"
  resolved "https://registry.yarnpkg.com/eventemitter3/-/eventemitter3-3.1.0.tgz#090b4d6cdbd645ed10bf750d4b5407942d7ba163"

fast-json-stable-stringify@^2.0.0:
  version "2.0.0"
  resolved "https://registry.yarnpkg.com/fast-json-stable-stringify/-/fast-json-stable-stringify-2.0.0.tgz#d5142c0caee6b1189f87d3a76111064f86c8bbf2"

foreach@^2.0.5:
  version "2.0.5"
  resolved "https://registry.yarnpkg.com/foreach/-/foreach-2.0.5.tgz#0bee005018aeb260d0a3af3ae658dd0136ec1b99"

function-bind@^1.1.1:
  version "1.1.1"
  resolved "https://registry.yarnpkg.com/function-bind/-/function-bind-1.1.1.tgz#a56899d3ea3c9bab874bb9773b7c5ede92f4895d"

graphql-config@2.0.0:
  version "2.0.0"
  resolved "https://registry.yarnpkg.com/graphql-config/-/graphql-config-2.0.0.tgz#daf69091055c6f675d63893a2d14c48f3fec3327"
  dependencies:
    graphql-import "^0.4.0"
    graphql-request "^1.4.0"
    js-yaml "^3.10.0"
    lodash "^4.17.4"
    minimatch "^3.0.4"

graphql-extensions@0.1.0-beta.0:
  version "0.1.0-beta.0"
  resolved "https://registry.yarnpkg.com/graphql-extensions/-/graphql-extensions-0.1.0-beta.0.tgz#2c05692a1e403274c8e3c6c1e0793d701cbdb1ab"
  dependencies:
    core-js "^2.5.3"
    source-map-support "^0.5.1"

graphql-extensions@^0.0.x:
  version "0.0.10"
  resolved "https://registry.yarnpkg.com/graphql-extensions/-/graphql-extensions-0.0.10.tgz#34bdb2546d43f6a5bc89ab23c295ec0466c6843d"
  dependencies:
    core-js "^2.5.3"
    source-map-support "^0.5.1"

graphql-extensions@^0.1.0-rc.0:
  version "0.1.0-rc.0"
  resolved "https://registry.yarnpkg.com/graphql-extensions/-/graphql-extensions-0.1.0-rc.0.tgz#150361fe0624cde814169af83e2a762af36de326"
  dependencies:
    apollo-server-env "^2.0.0-rc.6"
    core-js "^2.5.7"
    source-map-support "^0.5.6"

graphql-import@^0.4.0:
  version "0.4.5"
  resolved "https://registry.yarnpkg.com/graphql-import/-/graphql-import-0.4.5.tgz#e2f18c28d335733f46df8e0733d8deb1c6e2a645"
  dependencies:
    lodash "^4.17.4"

graphql-playground-html@^1.6.0:
  version "1.6.0"
  resolved "https://registry.yarnpkg.com/graphql-playground-html/-/graphql-playground-html-1.6.0.tgz#6ec4d54325ab2e5352506fdb89eb37c3fc718bf8"
  dependencies:
    graphql-config "2.0.0"

graphql-request@^1.4.0:
  version "1.6.0"
  resolved "https://registry.yarnpkg.com/graphql-request/-/graphql-request-1.6.0.tgz#afe87cf2a336acabb0cc2a875900202eda89f412"
  dependencies:
    cross-fetch "2.0.0"

graphql-subscriptions@^0.5.8:
  version "0.5.8"
  resolved "https://registry.yarnpkg.com/graphql-subscriptions/-/graphql-subscriptions-0.5.8.tgz#13a6143c546bce390404657dc73ca501def30aa7"
  dependencies:
    iterall "^1.2.1"

graphql-tag@^2.9.2:
  version "2.9.2"
  resolved "https://registry.yarnpkg.com/graphql-tag/-/graphql-tag-2.9.2.tgz#2f60a5a981375f430bf1e6e95992427dc18af686"

graphql-tools@^3.0.4:
  version "3.0.4"
  resolved "https://registry.yarnpkg.com/graphql-tools/-/graphql-tools-3.0.4.tgz#d08aa75db111d704cba05d92afd67ec5d1dc6b24"
  dependencies:
    apollo-link "1.2.1"
    apollo-utilities "^1.0.1"
    deprecated-decorator "^0.1.6"
    iterall "^1.1.3"
    uuid "^3.1.0"

graphql@^0.13.2:
  version "0.13.2"
  resolved "https://registry.yarnpkg.com/graphql/-/graphql-0.13.2.tgz#4c740ae3c222823e7004096f832e7b93b2108270"
  dependencies:
    iterall "^1.2.1"

has@^1.0.1:
  version "1.0.3"
  resolved "https://registry.yarnpkg.com/has/-/has-1.0.3.tgz#722d7cbfc1f6aa8241f16dd814e011e1f41e8796"
  dependencies:
    function-bind "^1.1.1"

hash.js@^1.1.3:
  version "1.1.4"
  resolved "https://registry.yarnpkg.com/hash.js/-/hash.js-1.1.4.tgz#8b50e1f35d51bd01e5ed9ece4dbe3549ccfa0a3c"
  dependencies:
    inherits "^2.0.3"
    minimalistic-assert "^1.0.0"

http-cache-semantics@^4.0.0:
  version "4.0.0"
  resolved "https://registry.yarnpkg.com/http-cache-semantics/-/http-cache-semantics-4.0.0.tgz#2d0069a73c36c80e3297bc3a0cadd669b78a69ce"

inherits@^2.0.3, inherits@~2.0.1:
  version "2.0.3"
  resolved "https://registry.yarnpkg.com/inherits/-/inherits-2.0.3.tgz#633c2c83e3da42a502f52466022480f4208261de"

is-callable@^1.1.1, is-callable@^1.1.3:
  version "1.1.4"
  resolved "https://registry.yarnpkg.com/is-callable/-/is-callable-1.1.4.tgz#1e1adf219e1eeb684d691f9d6a05ff0d30a24d75"

is-date-object@^1.0.1:
  version "1.0.1"
  resolved "https://registry.yarnpkg.com/is-date-object/-/is-date-object-1.0.1.tgz#9aa20eb6aeebbff77fbd33e74ca01b33581d3a16"

is-regex@^1.0.4:
  version "1.0.4"
  resolved "https://registry.yarnpkg.com/is-regex/-/is-regex-1.0.4.tgz#5517489b547091b0930e095654ced25ee97e9491"
  dependencies:
    has "^1.0.1"

is-symbol@^1.0.1:
  version "1.0.1"
  resolved "https://registry.yarnpkg.com/is-symbol/-/is-symbol-1.0.1.tgz#3cc59f00025194b6ab2e38dbae6689256b660572"

isarray@0.0.1:
  version "0.0.1"
  resolved "https://registry.yarnpkg.com/isarray/-/isarray-0.0.1.tgz#8a18acfca9a8f4177e09abfc6038939b05d1eedf"

iterall@^1.1.3, iterall@^1.2.1:
  version "1.2.2"
  resolved "https://registry.yarnpkg.com/iterall/-/iterall-1.2.2.tgz#92d70deb8028e0c39ff3164fdbf4d8b088130cd7"

js-yaml@^3.10.0:
  version "3.12.0"
  resolved "https://registry.yarnpkg.com/js-yaml/-/js-yaml-3.12.0.tgz#eaed656ec8344f10f527c6bfa1b6e2244de167d1"
  dependencies:
    argparse "^1.0.7"
    esprima "^4.0.0"

json-buffer@3.0.0:
  version "3.0.0"
  resolved "https://registry.yarnpkg.com/json-buffer/-/json-buffer-3.0.0.tgz#5b1f397afc75d677bde8bcfc0e47e1f9a3d9a898"

keyv@^3.0.0:
  version "3.0.0"
  resolved "https://registry.yarnpkg.com/keyv/-/keyv-3.0.0.tgz#44923ba39e68b12a7cec7df6c3268c031f2ef373"
  dependencies:
    json-buffer "3.0.0"

lodash@^4.17.10, lodash@^4.17.4:
  version "4.17.10"
  resolved "https://registry.yarnpkg.com/lodash/-/lodash-4.17.10.tgz#1b7793cf7259ea38fb3661d4d38b3260af8ae4e7"

long@^4.0.0:
  version "4.0.0"
  resolved "https://registry.yarnpkg.com/long/-/long-4.0.0.tgz#9a7b71cfb7d361a194ea555241c92f7468d5bf28"

lru-cache@^4.1.3:
  version "4.1.3"
  resolved "https://registry.yarnpkg.com/lru-cache/-/lru-cache-4.1.3.tgz#a1175cf3496dfc8436c156c334b4955992bce69c"
  dependencies:
    pseudomap "^1.0.2"
    yallist "^2.1.2"

minimalistic-assert@^1.0.0:
  version "1.0.1"
  resolved "https://registry.yarnpkg.com/minimalistic-assert/-/minimalistic-assert-1.0.1.tgz#2e194de044626d4a10e7f7fbc00ce73e83e4d5c7"

minimatch@^3.0.4:
  version "3.0.4"
  resolved "https://registry.yarnpkg.com/minimatch/-/minimatch-3.0.4.tgz#5166e286457f03306064be5497e8dbb0c3d32083"
  dependencies:
    brace-expansion "^1.1.7"

node-fetch@2.0.0:
  version "2.0.0"
  resolved "https://registry.yarnpkg.com/node-fetch/-/node-fetch-2.0.0.tgz#982bba43ecd4f2922a29cc186a6bbb0bb73fcba6"

node-fetch@^2.1.2:
  version "2.1.2"
  resolved "https://registry.yarnpkg.com/node-fetch/-/node-fetch-2.1.2.tgz#ab884e8e7e57e38a944753cec706f788d1768bb5"

object-keys@^1.0.8:
  version "1.0.12"
  resolved "https://registry.yarnpkg.com/object-keys/-/object-keys-1.0.12.tgz#09c53855377575310cca62f55bb334abff7b3ed2"

object-path@^0.11.4:
  version "0.11.4"
  resolved "https://registry.yarnpkg.com/object-path/-/object-path-0.11.4.tgz#370ae752fbf37de3ea70a861c23bba8915691949"

object.getownpropertydescriptors@^2.0.3:
  version "2.0.3"
  resolved "https://registry.yarnpkg.com/object.getownpropertydescriptors/-/object.getownpropertydescriptors-2.0.3.tgz#8758c846f5b407adab0f236e0986f14b051caa16"
  dependencies:
    define-properties "^1.1.2"
    es-abstract "^1.5.1"

protobufjs@^6.8.6:
  version "6.8.6"
  resolved "https://registry.yarnpkg.com/protobufjs/-/protobufjs-6.8.6.tgz#ce3cf4fff9625b62966c455fc4c15e4331a11ca2"
  dependencies:
    "@protobufjs/aspromise" "^1.1.2"
    "@protobufjs/base64" "^1.1.2"
    "@protobufjs/codegen" "^2.0.4"
    "@protobufjs/eventemitter" "^1.1.0"
    "@protobufjs/fetch" "^1.1.0"
    "@protobufjs/float" "^1.0.2"
    "@protobufjs/inquire" "^1.1.0"
    "@protobufjs/path" "^1.1.2"
    "@protobufjs/pool" "^1.1.0"
    "@protobufjs/utf8" "^1.1.0"
    "@types/long" "^3.0.32"
    "@types/node" "^8.9.4"
    long "^4.0.0"

pseudomap@^1.0.2:
  version "1.0.2"
  resolved "https://registry.yarnpkg.com/pseudomap/-/pseudomap-1.0.2.tgz#f052a28da70e618917ef0a8ac34c1ae5a68286b3"

quick-lru@^1.1.0:
  version "1.1.0"
  resolved "https://registry.yarnpkg.com/quick-lru/-/quick-lru-1.1.0.tgz#4360b17c61136ad38078397ff11416e186dcfbb8"

readable-stream@1.1.x:
  version "1.1.14"
  resolved "https://registry.yarnpkg.com/readable-stream/-/readable-stream-1.1.14.tgz#7cf4c54ef648e3813084c636dd2079e166c081d9"
  dependencies:
    core-util-is "~1.0.0"
    inherits "~2.0.1"
    isarray "0.0.1"
    string_decoder "~0.10.x"

regenerator-runtime@^0.11.1:
  version "0.11.1"
  resolved "https://registry.yarnpkg.com/regenerator-runtime/-/regenerator-runtime-0.11.1.tgz#be05ad7f9bf7d22e056f9726cee5017fbf19e2e9"

retry@0.10.1:
  version "0.10.1"
  resolved "https://registry.yarnpkg.com/retry/-/retry-0.10.1.tgz#e76388d217992c252750241d3d3956fed98d8ff4"

source-map-support@^0.5.1, source-map-support@^0.5.6:
  version "0.5.6"
  resolved "https://registry.yarnpkg.com/source-map-support/-/source-map-support-0.5.6.tgz#4435cee46b1aab62b8e8610ce60f788091c51c13"
  dependencies:
    buffer-from "^1.0.0"
    source-map "^0.6.0"

source-map@^0.6.0:
  version "0.6.1"
  resolved "https://registry.yarnpkg.com/source-map/-/source-map-0.6.1.tgz#74722af32e9614e9c287a8d0bbde48b5e2f1a263"

sprintf-js@~1.0.2:
  version "1.0.3"
  resolved "https://registry.yarnpkg.com/sprintf-js/-/sprintf-js-1.0.3.tgz#04e6926f662895354f3dd015203633b857297e2c"

streamsearch@0.1.2:
  version "0.1.2"
  resolved "https://registry.yarnpkg.com/streamsearch/-/streamsearch-0.1.2.tgz#808b9d0e56fc273d809ba57338e929919a1a9f1a"

string_decoder@~0.10.x:
  version "0.10.31"
  resolved "https://registry.yarnpkg.com/string_decoder/-/string_decoder-0.10.31.tgz#62e203bc41766c6c28c9fc84301dab1c5310fa94"

subscriptions-transport-ws@^0.9.11:
  version "0.9.12"
  resolved "https://registry.yarnpkg.com/subscriptions-transport-ws/-/subscriptions-transport-ws-0.9.12.tgz#0deb945134890d8694a93a090bacc6459c4478cc"
  dependencies:
    backo2 "^1.0.2"
    eventemitter3 "^3.1.0"
    iterall "^1.2.1"
    symbol-observable "^1.0.4"
    ws "^5.2.0"

symbol-observable@^1.0.4:
  version "1.2.0"
  resolved "https://registry.yarnpkg.com/symbol-observable/-/symbol-observable-1.2.0.tgz#c22688aed4eab3cdc2dfeacbb561660560a00804"

typescript@^2.9.1:
  version "2.9.2"
  resolved "https://registry.yarnpkg.com/typescript/-/typescript-2.9.2.tgz#1cbf61d05d6b96269244eb6a3bce4bd914e0f00c"

util.promisify@^1.0.0:
  version "1.0.0"
  resolved "https://registry.yarnpkg.com/util.promisify/-/util.promisify-1.0.0.tgz#440f7165a459c9a16dc145eb8e72f35687097030"
  dependencies:
    define-properties "^1.1.2"
    object.getownpropertydescriptors "^2.0.3"

uuid@^3.1.0:
  version "3.3.2"
  resolved "https://registry.yarnpkg.com/uuid/-/uuid-3.3.2.tgz#1b4af4955eb3077c501c23872fc6513811587131"

whatwg-fetch@2.0.3:
  version "2.0.3"
  resolved "https://registry.yarnpkg.com/whatwg-fetch/-/whatwg-fetch-2.0.3.tgz#9c84ec2dcf68187ff00bc64e1274b442176e1c84"

ws@^5.2.0:
  version "5.2.1"
  resolved "https://registry.yarnpkg.com/ws/-/ws-5.2.1.tgz#37827a0ba772d072a843c3615b0ad38bcdb354eb"
  dependencies:
    async-limiter "~1.0.0"

yallist@^2.1.2:
  version "2.1.2"
  resolved "https://registry.yarnpkg.com/yallist/-/yallist-2.1.2.tgz#1c11f9218f076089a47dd512f93c6699a6a81d52"

zen-observable-ts@^0.8.6:
  version "0.8.9"
  resolved "https://registry.yarnpkg.com/zen-observable-ts/-/zen-observable-ts-0.8.9.tgz#d3c97af08c0afdca37ebcadf7cc3ee96bda9bab1"
  dependencies:
    zen-observable "^0.8.0"

zen-observable@^0.8.0:
  version "0.8.8"
  resolved "https://registry.yarnpkg.com/zen-observable/-/zen-observable-0.8.8.tgz#1ea93995bf098754a58215a1e0a7309e5749ec42"
